
Microsoft Visual Studio Solution File, Format Version 12.00
# Visual Studio Version 17
VisualStudioVersion = 17.1.32319.34
MinimumVisualStudioVersion = 10.0.40219.1
Project("{9A19103F-16F7-4668-BE54-9A1E7A4F7556}") = "ChTi.Web.Api", "ChTi.Web.Api\ChTi.Web.Api.csproj", "{B2CA4FC6-E7A8-46E0-9850-7516578CFCDD}"
EndProject
Project("{2150E333-8FDC-42A3-9474-1A3956D46DE8}") = "Src", "Src", "{69669CC4-BC70-4F2B-B08B-12A65552CA36}"
EndProject
Project("{2150E333-8FDC-42A3-9474-1A3956D46DE8}") = "Server", "Server", "{D7CEE3E0-4469-45E4-A18D-1FAB087FCD8D}"
EndProject
Project("{9A19103F-16F7-4668-BE54-9A1E7A4F7556}") = "ChTi.Web.Grpc", "ChTi.Web.Grpc\ChTi.Web.Grpc.csproj", "{FB9162D2-E4A5-4BAE-A90B-5836A04A8B93}"
EndProject
Project("{2150E333-8FDC-42A3-9474-1A3956D46DE8}") = "Service", "Service", "{59D5F7D3-5A89-4631-B576-E383850384E5}"
EndProject
Project("{2150E333-8FDC-42A3-9474-1A3956D46DE8}") = "DataLayer", "DataLayer", "{08AD0DB0-157F-43A8-988A-595F8AE23DD4}"
EndProject
Project("{9A19103F-16F7-4668-BE54-9A1E7A4F7556}") = "ChTi.DataBase.Entity", "ChTi.DataBase.Entity\ChTi.DataBase.Entity.csproj", "{EA7B8F48-CBB6-4594-9C24-E50E6628BAAB}"
EndProject
Project("{9A19103F-16F7-4668-BE54-9A1E7A4F7556}") = "ChTi.Service.Abstraction", "ChTi.Service.Abstraction\ChTi.Service.Abstraction.csproj", "{D439495C-9F45-4048-B81D-F4FA4B50FDA0}"
EndProject
Project("{9A19103F-16F7-4668-BE54-9A1E7A4F7556}") = "ChTi.Service.Implemention", "ChTi.Service.Implemention\ChTi.Service.Implemention.csproj", "{842ACC21-9898-4DD0-8120-FDF3F1458DF1}"
EndProject
Project("{9A19103F-16F7-4668-BE54-9A1E7A4F7556}") = "ChTi.DataBase.ViewModel", "ChTi.DataBase.ViewModel\ChTi.DataBase.ViewModel.csproj", "{24F17BA3-4CEA-4F14-BD14-BD1B555C032C}"
EndProject
Project("{9A19103F-16F7-4668-BE54-9A1E7A4F7556}") = "ChTi.Service.Tools", "ChTi.Service.Tools\ChTi.Service.Tools.csproj", "{00B1C2E4-A793-4EA1-AA6E-3D53980C4A8A}"
EndProject
Project("{2150E333-8FDC-42A3-9474-1A3956D46DE8}") = "Package", "Package", "{C9B56EEB-929E-487F-9CDA-D20A180497EB}"
EndProject
Project("{FAE04EC0-301F-11D3-BF4B-00C04F79EFBC}") = "ChTi.Client", "ChTi.Client\ChTi.Client.csproj", "{723D103D-2492-4F3C-B904-B11077B38B73}"
EndProject
Global
	GlobalSection(SolutionConfigurationPlatforms) = preSolution
		Debug|Any CPU = Debug|Any CPU
		Release|Any CPU = Release|Any CPU
	EndGlobalSection
	GlobalSection(ProjectConfigurationPlatforms) = postSolution
		{B2CA4FC6-E7A8-46E0-9850-7516578CFCDD}.Debug|Any CPU.ActiveCfg = Debug|Any CPU
		{B2CA4FC6-E7A8-46E0-9850-7516578CFCDD}.Debug|Any CPU.Build.0 = Debug|Any CPU
		{B2CA4FC6-E7A8-46E0-9850-7516578CFCDD}.Release|Any CPU.ActiveCfg = Release|Any CPU
		{B2CA4FC6-E7A8-46E0-9850-7516578CFCDD}.Release|Any CPU.Build.0 = Release|Any CPU
		{FB9162D2-E4A5-4BAE-A90B-5836A04A8B93}.Debug|Any CPU.ActiveCfg = Debug|Any CPU
		{FB9162D2-E4A5-4BAE-A90B-5836A04A8B93}.Debug|Any CPU.Build.0 = Debug|Any CPU
		{FB9162D2-E4A5-4BAE-A90B-5836A04A8B93}.Release|Any CPU.ActiveCfg = Release|Any CPU
		{FB9162D2-E4A5-4BAE-A90B-5836A04A8B93}.Release|Any CPU.Build.0 = Release|Any CPU
		{EA7B8F48-CBB6-4594-9C24-E50E6628BAAB}.Debug|Any CPU.ActiveCfg = Debug|Any CPU
		{EA7B8F48-CBB6-4594-9C24-E50E6628BAAB}.Debug|Any CPU.Build.0 = Debug|Any CPU
		{EA7B8F48-CBB6-4594-9C24-E50E6628BAAB}.Release|Any CPU.ActiveCfg = Release|Any CPU
		{EA7B8F48-CBB6-4594-9C24-E50E6628BAAB}.Release|Any CPU.Build.0 = Release|Any CPU
		{D439495C-9F45-4048-B81D-F4FA4B50FDA0}.Debug|Any CPU.ActiveCfg = Debug|Any CPU
		{D439495C-9F45-4048-B81D-F4FA4B50FDA0}.Debug|Any CPU.Build.0 = Debug|Any CPU
		{D439495C-9F45-4048-B81D-F4FA4B50FDA0}.Release|Any CPU.ActiveCfg = Release|Any CPU
		{D439495C-9F45-4048-B81D-F4FA4B50FDA0}.Release|Any CPU.Build.0 = Release|Any CPU
		{842ACC21-9898-4DD0-8120-FDF3F1458DF1}.Debug|Any CPU.ActiveCfg = Debug|Any CPU
		{842ACC21-9898-4DD0-8120-FDF3F1458DF1}.Debug|Any CPU.Build.0 = Debug|Any CPU
		{842ACC21-9898-4DD0-8120-FDF3F1458DF1}.Release|Any CPU.ActiveCfg = Release|Any CPU
		{842ACC21-9898-4DD0-8120-FDF3F1458DF1}.Release|Any CPU.Build.0 = Release|Any CPU
		{24F17BA3-4CEA-4F14-BD14-BD1B555C032C}.Debug|Any CPU.ActiveCfg = Debug|Any CPU
		{24F17BA3-4CEA-4F14-BD14-BD1B555C032C}.Debug|Any CPU.Build.0 = Debug|Any CPU
		{24F17BA3-4CEA-4F14-BD14-BD1B555C032C}.Release|Any CPU.ActiveCfg = Release|Any CPU
		{24F17BA3-4CEA-4F14-BD14-BD1B555C032C}.Release|Any CPU.Build.0 = Release|Any CPU
		{00B1C2E4-A793-4EA1-AA6E-3D53980C4A8A}.Debug|Any CPU.ActiveCfg = Debug|Any CPU
		{00B1C2E4-A793-4EA1-AA6E-3D53980C4A8A}.Debug|Any CPU.Build.0 = Debug|Any CPU
		{00B1C2E4-A793-4EA1-AA6E-3D53980C4A8A}.Release|Any CPU.ActiveCfg = Release|Any CPU
		{00B1C2E4-A793-4EA1-AA6E-3D53980C4A8A}.Release|Any CPU.Build.0 = Release|Any CPU
		{723D103D-2492-4F3C-B904-B11077B38B73}.Debug|Any CPU.ActiveCfg = Debug|Any CPU
		{723D103D-2492-4F3C-B904-B11077B38B73}.Debug|Any CPU.Build.0 = Debug|Any CPU
		{723D103D-2492-4F3C-B904-B11077B38B73}.Release|Any CPU.ActiveCfg = Release|Any CPU
		{723D103D-2492-4F3C-B904-B11077B38B73}.Release|Any CPU.Build.0 = Release|Any CPU
	EndGlobalSection
	GlobalSection(SolutionProperties) = preSolution
		HideSolutionNode = FALSE
	EndGlobalSection
	GlobalSection(NestedProjects) = preSolution
		{B2CA4FC6-E7A8-46E0-9850-7516578CFCDD} = {D7CEE3E0-4469-45E4-A18D-1FAB087FCD8D}
		{D7CEE3E0-4469-45E4-A18D-1FAB087FCD8D} = {69669CC4-BC70-4F2B-B08B-12A65552CA36}
		{FB9162D2-E4A5-4BAE-A90B-5836A04A8B93} = {D7CEE3E0-4469-45E4-A18D-1FAB087FCD8D}
		{59D5F7D3-5A89-4631-B576-E383850384E5} = {69669CC4-BC70-4F2B-B08B-12A65552CA36}
		{08AD0DB0-157F-43A8-988A-595F8AE23DD4} = {69669CC4-BC70-4F2B-B08B-12A65552CA36}
		{EA7B8F48-CBB6-4594-9C24-E50E6628BAAB} = {08AD0DB0-157F-43A8-988A-595F8AE23DD4}
		{D439495C-9F45-4048-B81D-F4FA4B50FDA0} = {59D5F7D3-5A89-4631-B576-E383850384E5}
		{842ACC21-9898-4DD0-8120-FDF3F1458DF1} = {59D5F7D3-5A89-4631-B576-E383850384E5}
		{24F17BA3-4CEA-4F14-BD14-BD1B555C032C} = {08AD0DB0-157F-43A8-988A-595F8AE23DD4}
		{00B1C2E4-A793-4EA1-AA6E-3D53980C4A8A} = {59D5F7D3-5A89-4631-B576-E383850384E5}
		{C9B56EEB-929E-487F-9CDA-D20A180497EB} = {69669CC4-BC70-4F2B-B08B-12A65552CA36}
		{723D103D-2492-4F3C-B904-B11077B38B73} = {C9B56EEB-929E-487F-9CDA-D20A180497EB}
	EndGlobalSection
	GlobalSection(ExtensibilityGlobals) = postSolution
		SolutionGuid = {AFC318E1-AE88-42C6-A291-481960E983C8}
	EndGlobalSection
EndGlobal
